{
  "name": "UtiliTool",
  "lockfileVersion": 3,
  "requires": true,
  "packages": {
    "": {
      "dependencies": {
        "dhtmlx-gantt": "^8.0.1"
      }
    },
    "node_modules/dhtmlx-gantt": {
      "version": "8.0.1",
      "resolved": "https://registry.npmjs.org/dhtmlx-gantt/-/dhtmlx-gantt-8.0.1.tgz",
      "integrity": "sha512-LBdqSJBmjURB1MLBKCFuajQAfJXjc344YKJIQ2WzMPkJJZkrKj6HvzMJFyNYq537IvqWZ+WFAE63an0i7GP84Q=="
    }
  }
}
